
Microsoft Visual Studio Solution File, Format Version 12.00
# Visual Studio Version 16
VisualStudioVersion = 16.0.30413.136
MinimumVisualStudioVersion = 10.0.40219.1
Project("{FAE04EC0-301F-11D3-BF4B-00C04F79EFBC}") = "MathCalculator", "MathCalculator\MathCalculator.csproj", "{70D0A938-CDAB-4CED-862F-9F552F6AA92B}"
EndProject
Global
	GlobalSection(SolutionConfigurationPlatforms) = preSolution
		Debug|Any CPU = Debug|Any CPU
		Release|Any CPU = Release|Any CPU
	EndGlobalSection
	GlobalSection(ProjectConfigurationPlatforms) = postSolution
		{70D0A938-CDAB-4CED-862F-9F552F6AA92B}.Debug|Any CPU.ActiveCfg = Debug|Any CPU
		{70D0A938-CDAB-4CED-862F-9F552F6AA92B}.Debug|Any CPU.Build.0 = Debug|Any CPU
		{70D0A938-CDAB-4CED-862F-9F552F6AA92B}.Release|Any CPU.ActiveCfg = Release|Any CPU
		{70D0A938-CDAB-4CED-862F-9F552F6AA92B}.Release|Any CPU.Build.0 = Release|Any CPU
	EndGlobalSection
	GlobalSection(SolutionProperties) = preSolution
		HideSolutionNode = FALSE
	EndGlobalSection
	GlobalSection(ExtensibilityGlobals) = postSolution
		SolutionGuid = {721FEBC1-A45C-4999-BB67-8BA9AA952A2B}
	EndGlobalSection
EndGlobal
